// !$*UTF8*$!
{
	archiveVersion = 1;
	classes = {
	};
	objectVersion = 46;
	objects = {

/* Begin PBXBuildFile section */
		871EA4C11902F6DB001A2453 /* DRJSONHelper.m in Sources */ = {isa = PBXBuildFile; fileRef = 871EA4C01902F6DB001A2453 /* DRJSONHelper.m */; };
		871EA4C4190315EA001A2453 /* DRListingCell.m in Sources */ = {isa = PBXBuildFile; fileRef = 871EA4C3190315EA001A2453 /* DRListingCell.m */; };
		871EA4C7190592E3001A2453 /* DRPostContentViewController.m in Sources */ = {isa = PBXBuildFile; fileRef = 871EA4C6190592E3001A2453 /* DRPostContentViewController.m */; };
		8758039F18FE0B5500313742 /* Foundation.framework in Frameworks */ = {isa = PBXBuildFile; fileRef = 8758039E18FE0B5500313742 /* Foundation.framework */; };
		875803A118FE0B5500313742 /* CoreGraphics.framework in Frameworks */ = {isa = PBXBuildFile; fileRef = 875803A018FE0B5500313742 /* CoreGraphics.framework */; };
		875803A318FE0B5500313742 /* UIKit.framework in Frameworks */ = {isa = PBXBuildFile; fileRef = 875803A218FE0B5500313742 /* UIKit.framework */; };
		875803A918FE0B5500313742 /* InfoPlist.strings in Resources */ = {isa = PBXBuildFile; fileRef = 875803A718FE0B5500313742 /* InfoPlist.strings */; };
		875803AB18FE0B5500313742 /* main.m in Sources */ = {isa = PBXBuildFile; fileRef = 875803AA18FE0B5500313742 /* main.m */; };
		875803B218FE0B5500313742 /* Main.storyboard in Resources */ = {isa = PBXBuildFile; fileRef = 875803B018FE0B5500313742 /* Main.storyboard */; };
		875803B718FE0B5500313742 /* Images.xcassets in Resources */ = {isa = PBXBuildFile; fileRef = 875803B618FE0B5500313742 /* Images.xcassets */; };
		875803BE18FE0B5500313742 /* XCTest.framework in Frameworks */ = {isa = PBXBuildFile; fileRef = 875803BD18FE0B5500313742 /* XCTest.framework */; };
		875803BF18FE0B5500313742 /* Foundation.framework in Frameworks */ = {isa = PBXBuildFile; fileRef = 8758039E18FE0B5500313742 /* Foundation.framework */; };
		875803C018FE0B5500313742 /* UIKit.framework in Frameworks */ = {isa = PBXBuildFile; fileRef = 875803A218FE0B5500313742 /* UIKit.framework */; };
		875803C818FE0B5500313742 /* InfoPlist.strings in Resources */ = {isa = PBXBuildFile; fileRef = 875803C618FE0B5500313742 /* InfoPlist.strings */; };
		875803CA18FE0B5500313742 /* DelectableRedditTests.m in Sources */ = {isa = PBXBuildFile; fileRef = 875803C918FE0B5500313742 /* DelectableRedditTests.m */; };
		875803DC18FE0BF000313742 /* DRViewController.m in Sources */ = {isa = PBXBuildFile; fileRef = 875803DB18FE0BF000313742 /* DRViewController.m */; };
		875803DF18FE0BF900313742 /* DRAppDelegate.m in Sources */ = {isa = PBXBuildFile; fileRef = 875803DE18FE0BF900313742 /* DRAppDelegate.m */; };
		875803F418FE0CAB00313742 /* AFHTTPRequestOperation.m in Sources */ = {isa = PBXBuildFile; fileRef = 875803E218FE0CAB00313742 /* AFHTTPRequestOperation.m */; };
		875803F518FE0CAB00313742 /* AFHTTPRequestOperationManager.m in Sources */ = {isa = PBXBuildFile; fileRef = 875803E418FE0CAB00313742 /* AFHTTPRequestOperationManager.m */; };
		875803F618FE0CAB00313742 /* AFHTTPSessionManager.m in Sources */ = {isa = PBXBuildFile; fileRef = 875803E618FE0CAB00313742 /* AFHTTPSessionManager.m */; };
		875803F718FE0CAB00313742 /* AFNetworkReachabilityManager.m in Sources */ = {isa = PBXBuildFile; fileRef = 875803E918FE0CAB00313742 /* AFNetworkReachabilityManager.m */; };
		875803F818FE0CAB00313742 /* AFSecurityPolicy.m in Sources */ = {isa = PBXBuildFile; fileRef = 875803EB18FE0CAB00313742 /* AFSecurityPolicy.m */; };
		875803F918FE0CAB00313742 /* AFURLConnectionOperation.m in Sources */ = {isa = PBXBuildFile; fileRef = 875803ED18FE0CAB00313742 /* AFURLConnectionOperation.m */; };
		875803FA18FE0CAB00313742 /* AFURLRequestSerialization.m in Sources */ = {isa = PBXBuildFile; fileRef = 875803EF18FE0CAB00313742 /* AFURLRequestSerialization.m */; };
		875803FB18FE0CAB00313742 /* AFURLResponseSerialization.m in Sources */ = {isa = PBXBuildFile; fileRef = 875803F118FE0CAB00313742 /* AFURLResponseSerialization.m */; };
		875803FC18FE0CAB00313742 /* AFURLSessionManager.m in Sources */ = {isa = PBXBuildFile; fileRef = 875803F318FE0CAB00313742 /* AFURLSessionManager.m */; };
		8758040118FE0FDE00313742 /* DRRedditAPIManager.m in Sources */ = {isa = PBXBuildFile; fileRef = 8758040018FE0FDE00313742 /* DRRedditAPIManager.m */; };
		8758040418FF6D1D00313742 /* DRRedditListing.m in Sources */ = {isa = PBXBuildFile; fileRef = 8758040318FF6D1D00313742 /* DRRedditListing.m */; };
		8758040718FF6E8800313742 /* DRRedditListingItem.m in Sources */ = {isa = PBXBuildFile; fileRef = 8758040618FF6E8800313742 /* DRRedditListingItem.m */; };
/* End PBXBuildFile section */

/* Begin PBXContainerItemProxy section */
		875803C118FE0B5500313742 /* PBXContainerItemProxy */ = {
			isa = PBXContainerItemProxy;
			containerPortal = 8758039318FE0B5500313742 /* Project object */;
			proxyType = 1;
			remoteGlobalIDString = 8758039A18FE0B5500313742;
			remoteInfo = DelectableReddit;
		};
/* End PBXContainerItemProxy section */

/* Begin PBXFileReference section */
		871EA4BF1902F6DB001A2453 /* DRJSONHelper.h */ = {isa = PBXFileReference; fileEncoding = 4; lastKnownFileType = sourcecode.c.h; path = DRJSONHelper.h; sourceTree = "<group>"; };
		871EA4C01902F6DB001A2453 /* DRJSONHelper.m */ = {isa = PBXFileReference; fileEncoding = 4; lastKnownFileType = sourcecode.c.objc; path = DRJSONHelper.m; sourceTree = "<group>"; };
		871EA4C2190315EA001A2453 /* DRListingCell.h */ = {isa = PBXFileReference; fileEncoding = 4; lastKnownFileType = sourcecode.c.h; path = DRListingCell.h; sourceTree = "<group>"; };
		871EA4C3190315EA001A2453 /* DRListingCell.m */ = {isa = PBXFileReference; fileEncoding = 4; lastKnownFileType = sourcecode.c.objc; path = DRListingCell.m; sourceTree = "<group>"; };
		871EA4C5190592E3001A2453 /* DRPostContentViewController.h */ = {isa = PBXFileReference; fileEncoding = 4; lastKnownFileType = sourcecode.c.h; path = DRPostContentViewController.h; sourceTree = "<group>"; };
		871EA4C6190592E3001A2453 /* DRPostContentViewController.m */ = {isa = PBXFileReference; fileEncoding = 4; lastKnownFileType = sourcecode.c.objc; path = DRPostContentViewController.m; sourceTree = "<group>"; };
		8758039B18FE0B5500313742 /* DelectableReddit.app */ = {isa = PBXFileReference; explicitFileType = wrapper.application; includeInIndex = 0; path = DelectableReddit.app; sourceTree = BUILT_PRODUCTS_DIR; };
		8758039E18FE0B5500313742 /* Foundation.framework */ = {isa = PBXFileReference; lastKnownFileType = wrapper.framework; name = Foundation.framework; path = System/Library/Frameworks/Foundation.framework; sourceTree = SDKROOT; };
		875803A018FE0B5500313742 /* CoreGraphics.framework */ = {isa = PBXFileReference; lastKnownFileType = wrapper.framework; name = CoreGraphics.framework; path = System/Library/Frameworks/CoreGraphics.framework; sourceTree = SDKROOT; };
		875803A218FE0B5500313742 /* UIKit.framework */ = {isa = PBXFileReference; lastKnownFileType = wrapper.framework; name = UIKit.framework; path = System/Library/Frameworks/UIKit.framework; sourceTree = SDKROOT; };
		875803A618FE0B5500313742 /* DelectableReddit-Info.plist */ = {isa = PBXFileReference; lastKnownFileType = text.plist.xml; path = "DelectableReddit-Info.plist"; sourceTree = "<group>"; };
		875803A818FE0B5500313742 /* en */ = {isa = PBXFileReference; lastKnownFileType = text.plist.strings; name = en; path = en.lproj/InfoPlist.strings; sourceTree = "<group>"; };
		875803AA18FE0B5500313742 /* main.m */ = {isa = PBXFileReference; lastKnownFileType = sourcecode.c.objc; path = main.m; sourceTree = "<group>"; };
		875803AC18FE0B5500313742 /* DelectableReddit-Prefix.pch */ = {isa = PBXFileReference; lastKnownFileType = sourcecode.c.h; path = "DelectableReddit-Prefix.pch"; sourceTree = "<group>"; };
		875803B118FE0B5500313742 /* Base */ = {isa = PBXFileReference; lastKnownFileType = file.storyboard; name = Base; path = Base.lproj/Main.storyboard; sourceTree = "<group>"; };
		875803B618FE0B5500313742 /* Images.xcassets */ = {isa = PBXFileReference; lastKnownFileType = folder.assetcatalog; path = Images.xcassets; sourceTree = "<group>"; };
		875803BC18FE0B5500313742 /* DelectableRedditTests.xctest */ = {isa = PBXFileReference; explicitFileType = wrapper.cfbundle; includeInIndex = 0; path = DelectableRedditTests.xctest; sourceTree = BUILT_PRODUCTS_DIR; };
		875803BD18FE0B5500313742 /* XCTest.framework */ = {isa = PBXFileReference; lastKnownFileType = wrapper.framework; name = XCTest.framework; path = Library/Frameworks/XCTest.framework; sourceTree = DEVELOPER_DIR; };
		875803C518FE0B5500313742 /* DelectableRedditTests-Info.plist */ = {isa = PBXFileReference; lastKnownFileType = text.plist.xml; path = "DelectableRedditTests-Info.plist"; sourceTree = "<group>"; };
		875803C718FE0B5500313742 /* en */ = {isa = PBXFileReference; lastKnownFileType = text.plist.strings; name = en; path = en.lproj/InfoPlist.strings; sourceTree = "<group>"; };
		875803C918FE0B5500313742 /* DelectableRedditTests.m */ = {isa = PBXFileReference; lastKnownFileType = sourcecode.c.objc; path = DelectableRedditTests.m; sourceTree = "<group>"; };
		875803DA18FE0BF000313742 /* DRViewController.h */ = {isa = PBXFileReference; fileEncoding = 4; lastKnownFileType = sourcecode.c.h; path = DRViewController.h; sourceTree = "<group>"; };
		875803DB18FE0BF000313742 /* DRViewController.m */ = {isa = PBXFileReference; fileEncoding = 4; lastKnownFileType = sourcecode.c.objc; path = DRViewController.m; sourceTree = "<group>"; };
		875803DD18FE0BF900313742 /* DRAppDelegate.h */ = {isa = PBXFileReference; fileEncoding = 4; lastKnownFileType = sourcecode.c.h; path = DRAppDelegate.h; sourceTree = "<group>"; };
		875803DE18FE0BF900313742 /* DRAppDelegate.m */ = {isa = PBXFileReference; fileEncoding = 4; lastKnownFileType = sourcecode.c.objc; path = DRAppDelegate.m; sourceTree = "<group>"; };
		875803E118FE0CAB00313742 /* AFHTTPRequestOperation.h */ = {isa = PBXFileReference; fileEncoding = 4; lastKnownFileType = sourcecode.c.h; path = AFHTTPRequestOperation.h; sourceTree = "<group>"; };
		875803E218FE0CAB00313742 /* AFHTTPRequestOperation.m */ = {isa = PBXFileReference; fileEncoding = 4; lastKnownFileType = sourcecode.c.objc; path = AFHTTPRequestOperation.m; sourceTree = "<group>"; };
		875803E318FE0CAB00313742 /* AFHTTPRequestOperationManager.h */ = {isa = PBXFileReference; fileEncoding = 4; lastKnownFileType = sourcecode.c.h; path = AFHTTPRequestOperationManager.h; sourceTree = "<group>"; };
		875803E418FE0CAB00313742 /* AFHTTPRequestOperationManager.m */ = {isa = PBXFileReference; fileEncoding = 4; lastKnownFileType = sourcecode.c.objc; path = AFHTTPRequestOperationManager.m; sourceTree = "<group>"; };
		875803E518FE0CAB00313742 /* AFHTTPSessionManager.h */ = {isa = PBXFileReference; fileEncoding = 4; lastKnownFileType = sourcecode.c.h; path = AFHTTPSessionManager.h; sourceTree = "<group>"; };
		875803E618FE0CAB00313742 /* AFHTTPSessionManager.m */ = {isa = PBXFileReference; fileEncoding = 4; lastKnownFileType = sourcecode.c.objc; path = AFHTTPSessionManager.m; sourceTree = "<group>"; };
		875803E718FE0CAB00313742 /* AFNetworking.h */ = {isa = PBXFileReference; fileEncoding = 4; lastKnownFileType = sourcecode.c.h; path = AFNetworking.h; sourceTree = "<group>"; };
		875803E818FE0CAB00313742 /* AFNetworkReachabilityManager.h */ = {isa = PBXFileReference; fileEncoding = 4; lastKnownFileType = sourcecode.c.h; path = AFNetworkReachabilityManager.h; sourceTree = "<group>"; };
		875803E918FE0CAB00313742 /* AFNetworkReachabilityManager.m */ = {isa = PBXFileReference; fileEncoding = 4; lastKnownFileType = sourcecode.c.objc; path = AFNetworkReachabilityManager.m; sourceTree = "<group>"; };
		875803EA18FE0CAB00313742 /* AFSecurityPolicy.h */ = {isa = PBXFileReference; fileEncoding = 4; lastKnownFileType = sourcecode.c.h; path = AFSecurityPolicy.h; sourceTree = "<group>"; };
		875803EB18FE0CAB00313742 /* AFSecurityPolicy.m */ = {isa = PBXFileReference; fileEncoding = 4; lastKnownFileType = sourcecode.c.objc; path = AFSecurityPolicy.m; sourceTree = "<group>"; };
		875803EC18FE0CAB00313742 /* AFURLConnectionOperation.h */ = {isa = PBXFileReference; fileEncoding = 4; lastKnownFileType = sourcecode.c.h; path = AFURLConnectionOperation.h; sourceTree = "<group>"; };
		875803ED18FE0CAB00313742 /* AFURLConnectionOperation.m */ = {isa = PBXFileReference; fileEncoding = 4; lastKnownFileType = sourcecode.c.objc; path = AFURLConnectionOperation.m; sourceTree = "<group>"; };
		875803EE18FE0CAB00313742 /* AFURLRequestSerialization.h */ = {isa = PBXFileReference; fileEncoding = 4; lastKnownFileType = sourcecode.c.h; path = AFURLRequestSerialization.h; sourceTree = "<group>"; };
		875803EF18FE0CAB00313742 /* AFURLRequestSerialization.m */ = {isa = PBXFileReference; fileEncoding = 4; lastKnownFileType = sourcecode.c.objc; path = AFURLRequestSerialization.m; sourceTree = "<group>"; };
		875803F018FE0CAB00313742 /* AFURLResponseSerialization.h */ = {isa = PBXFileReference; fileEncoding = 4; lastKnownFileType = sourcecode.c.h; path = AFURLResponseSerialization.h; sourceTree = "<group>"; };
		875803F118FE0CAB00313742 /* AFURLResponseSerialization.m */ = {isa = PBXFileReference; fileEncoding = 4; lastKnownFileType = sourcecode.c.objc; path = AFURLResponseSerialization.m; sourceTree = "<group>"; };
		875803F218FE0CAB00313742 /* AFURLSessionManager.h */ = {isa = PBXFileReference; fileEncoding = 4; lastKnownFileType = sourcecode.c.h; path = AFURLSessionManager.h; sourceTree = "<group>"; };
		875803F318FE0CAB00313742 /* AFURLSessionManager.m */ = {isa = PBXFileReference; fileEncoding = 4; lastKnownFileType = sourcecode.c.objc; path = AFURLSessionManager.m; sourceTree = "<group>"; };
		875803FD18FE0E1900313742 /* DRConstants.h */ = {isa = PBXFileReference; lastKnownFileType = sourcecode.c.h; path = DRConstants.h; sourceTree = "<group>"; };
		875803FF18FE0FDE00313742 /* DRRedditAPIManager.h */ = {isa = PBXFileReference; fileEncoding = 4; lastKnownFileType = sourcecode.c.h; path = DRRedditAPIManager.h; sourceTree = "<group>"; };
		8758040018FE0FDE00313742 /* DRRedditAPIManager.m */ = {isa = PBXFileReference; fileEncoding = 4; lastKnownFileType = sourcecode.c.objc; path = DRRedditAPIManager.m; sourceTree = "<group>"; };
		8758040218FF6D1D00313742 /* DRRedditListing.h */ = {isa = PBXFileReference; fileEncoding = 4; lastKnownFileType = sourcecode.c.h; path = DRRedditListing.h; sourceTree = "<group>"; };
		8758040318FF6D1D00313742 /* DRRedditListing.m */ = {isa = PBXFileReference; fileEncoding = 4; lastKnownFileType = sourcecode.c.objc; path = DRRedditListing.m; sourceTree = "<group>"; };
		8758040518FF6E8800313742 /* DRRedditListingItem.h */ = {isa = PBXFileReference; fileEncoding = 4; lastKnownFileType = sourcecode.c.h; path = DRRedditListingItem.h; sourceTree = "<group>"; };
		8758040618FF6E8800313742 /* DRRedditListingItem.m */ = {isa = PBXFileReference; fileEncoding = 4; lastKnownFileType = sourcecode.c.objc; path = DRRedditListingItem.m; sourceTree = "<group>"; };
/* End PBXFileReference section */

/* Begin PBXFrameworksBuildPhase section */
		8758039818FE0B5500313742 /* Frameworks */ = {
			isa = PBXFrameworksBuildPhase;
			buildActionMask = 2147483647;
			files = (
				875803A118FE0B5500313742 /* CoreGraphics.framework in Frameworks */,
				875803A318FE0B5500313742 /* UIKit.framework in Frameworks */,
				8758039F18FE0B5500313742 /* Foundation.framework in Frameworks */,
			);
			runOnlyForDeploymentPostprocessing = 0;
		};
		875803B918FE0B5500313742 /* Frameworks */ = {
			isa = PBXFrameworksBuildPhase;
			buildActionMask = 2147483647;
			files = (
				875803BE18FE0B5500313742 /* XCTest.framework in Frameworks */,
				875803C018FE0B5500313742 /* UIKit.framework in Frameworks */,
				875803BF18FE0B5500313742 /* Foundation.framework in Frameworks */,
			);
			runOnlyForDeploymentPostprocessing = 0;
		};
/* End PBXFrameworksBuildPhase section */

/* Begin PBXGroup section */
		8758039218FE0B5500313742 = {
			isa = PBXGroup;
			children = (
				875803A418FE0B5500313742 /* DelectableReddit */,
				875803C318FE0B5500313742 /* DelectableRedditTests */,
				8758039D18FE0B5500313742 /* Frameworks */,
				8758039C18FE0B5500313742 /* Products */,
			);
			sourceTree = "<group>";
		};
		8758039C18FE0B5500313742 /* Products */ = {
			isa = PBXGroup;
			children = (
				8758039B18FE0B5500313742 /* DelectableReddit.app */,
				875803BC18FE0B5500313742 /* DelectableRedditTests.xctest */,
			);
			name = Products;
			sourceTree = "<group>";
		};
		8758039D18FE0B5500313742 /* Frameworks */ = {
			isa = PBXGroup;
			children = (
				8758039E18FE0B5500313742 /* Foundation.framework */,
				875803A018FE0B5500313742 /* CoreGraphics.framework */,
				875803A218FE0B5500313742 /* UIKit.framework */,
				875803BD18FE0B5500313742 /* XCTest.framework */,
			);
			name = Frameworks;
			sourceTree = "<group>";
		};
		875803A418FE0B5500313742 /* DelectableReddit */ = {
			isa = PBXGroup;
			children = (
				875803FE18FE0FA500313742 /* Model */,
				875803D318FE0BCC00313742 /* AppDelegate */,
				875803D418FE0BCC00313742 /* Cells */,
				875803D518FE0BCC00313742 /* Controllers */,
				875803D618FE0BCC00313742 /* Helpers */,
				875803D718FE0BCC00313742 /* Libraries */,
				875803D918FE0BCC00313742 /* Views */,
				875803B018FE0B5500313742 /* Main.storyboard */,
				875803B618FE0B5500313742 /* Images.xcassets */,
				875803A518FE0B5500313742 /* Supporting Files */,
			);
			path = DelectableReddit;
			sourceTree = "<group>";
		};
		875803A518FE0B5500313742 /* Supporting Files */ = {
			isa = PBXGroup;
			children = (
				875803A618FE0B5500313742 /* DelectableReddit-Info.plist */,
				875803A718FE0B5500313742 /* InfoPlist.strings */,
				875803AA18FE0B5500313742 /* main.m */,
				875803AC18FE0B5500313742 /* DelectableReddit-Prefix.pch */,
				875803FD18FE0E1900313742 /* DRConstants.h */,
			);
			name = "Supporting Files";
			sourceTree = "<group>";
		};
		875803C318FE0B5500313742 /* DelectableRedditTests */ = {
			isa = PBXGroup;
			children = (
				875803C918FE0B5500313742 /* DelectableRedditTests.m */,
				875803C418FE0B5500313742 /* Supporting Files */,
			);
			path = DelectableRedditTests;
			sourceTree = "<group>";
		};
		875803C418FE0B5500313742 /* Supporting Files */ = {
			isa = PBXGroup;
			children = (
				875803C518FE0B5500313742 /* DelectableRedditTests-Info.plist */,
				875803C618FE0B5500313742 /* InfoPlist.strings */,
			);
			name = "Supporting Files";
			sourceTree = "<group>";
		};
		875803D318FE0BCC00313742 /* AppDelegate */ = {
			isa = PBXGroup;
			children = (
				875803DD18FE0BF900313742 /* DRAppDelegate.h */,
				875803DE18FE0BF900313742 /* DRAppDelegate.m */,
			);
			path = AppDelegate;
			sourceTree = "<group>";
		};
		875803D418FE0BCC00313742 /* Cells */ = {
			isa = PBXGroup;
			children = (
				871EA4C2190315EA001A2453 /* DRListingCell.h */,
				871EA4C3190315EA001A2453 /* DRListingCell.m */,
			);
			path = Cells;
			sourceTree = "<group>";
		};
		875803D518FE0BCC00313742 /* Controllers */ = {
			isa = PBXGroup;
			children = (
				875803DA18FE0BF000313742 /* DRViewController.h */,
				875803DB18FE0BF000313742 /* DRViewController.m */,
				871EA4C5190592E3001A2453 /* DRPostContentViewController.h */,
				871EA4C6190592E3001A2453 /* DRPostContentViewController.m */,
			);
			path = Controllers;
			sourceTree = "<group>";
		};
		875803D618FE0BCC00313742 /* Helpers */ = {
			isa = PBXGroup;
			children = (
				871EA4BF1902F6DB001A2453 /* DRJSONHelper.h */,
				871EA4C01902F6DB001A2453 /* DRJSONHelper.m */,
			);
			path = Helpers;
			sourceTree = "<group>";
		};
		875803D718FE0BCC00313742 /* Libraries */ = {
			isa = PBXGroup;
			children = (
				875803E018FE0CAB00313742 /* AFNetworking */,
			);
			path = Libraries;
			sourceTree = "<group>";
		};
		875803D918FE0BCC00313742 /* Views */ = {
			isa = PBXGroup;
			children = (
			);
			path = Views;
			sourceTree = "<group>";
		};
		875803E018FE0CAB00313742 /* AFNetworking */ = {
			isa = PBXGroup;
			children = (
				875803E118FE0CAB00313742 /* AFHTTPRequestOperation.h */,
				875803E218FE0CAB00313742 /* AFHTTPRequestOperation.m */,
				875803E318FE0CAB00313742 /* AFHTTPRequestOperationManager.h */,
				875803E418FE0CAB00313742 /* AFHTTPRequestOperationManager.m */,
				875803E518FE0CAB00313742 /* AFHTTPSessionManager.h */,
				875803E618FE0CAB00313742 /* AFHTTPSessionManager.m */,
				875803E718FE0CAB00313742 /* AFNetworking.h */,
				875803E818FE0CAB00313742 /* AFNetworkReachabilityManager.h */,
				875803E918FE0CAB00313742 /* AFNetworkReachabilityManager.m */,
				875803EA18FE0CAB00313742 /* AFSecurityPolicy.h */,
				875803EB18FE0CAB00313742 /* AFSecurityPolicy.m */,
				875803EC18FE0CAB00313742 /* AFURLConnectionOperation.h */,
				875803ED18FE0CAB00313742 /* AFURLConnectionOperation.m */,
				875803EE18FE0CAB00313742 /* AFURLRequestSerialization.h */,
				875803EF18FE0CAB00313742 /* AFURLRequestSerialization.m */,
				875803F018FE0CAB00313742 /* AFURLResponseSerialization.h */,
				875803F118FE0CAB00313742 /* AFURLResponseSerialization.m */,
				875803F218FE0CAB00313742 /* AFURLSessionManager.h */,
				875803F318FE0CAB00313742 /* AFURLSessionManager.m */,
			);
			path = AFNetworking;
			sourceTree = "<group>";
		};
		875803FE18FE0FA500313742 /* Model */ = {
			isa = PBXGroup;
			children = (
				875803FF18FE0FDE00313742 /* DRRedditAPIManager.h */,
				8758040018FE0FDE00313742 /* DRRedditAPIManager.m */,
				8758040218FF6D1D00313742 /* DRRedditListing.h */,
				8758040318FF6D1D00313742 /* DRRedditListing.m */,
				8758040518FF6E8800313742 /* DRRedditListingItem.h */,
				8758040618FF6E8800313742 /* DRRedditListingItem.m */,
			);
			path = Model;
			sourceTree = "<group>";
		};
/* End PBXGroup section */

/* Begin PBXNativeTarget section */
		8758039A18FE0B5500313742 /* DelectableReddit */ = {
			isa = PBXNativeTarget;
			buildConfigurationList = 875803CD18FE0B5500313742 /* Build configuration list for PBXNativeTarget "DelectableReddit" */;
			buildPhases = (
				8758039718FE0B5500313742 /* Sources */,
				8758039818FE0B5500313742 /* Frameworks */,
				8758039918FE0B5500313742 /* Resources */,
			);
			buildRules = (
			);
			dependencies = (
			);
			name = DelectableReddit;
			productName = DelectableReddit;
			productReference = 8758039B18FE0B5500313742 /* DelectableReddit.app */;
			productType = "com.apple.product-type.application";
		};
		875803BB18FE0B5500313742 /* DelectableRedditTests */ = {
			isa = PBXNativeTarget;
			buildConfigurationList = 875803D018FE0B5500313742 /* Build configuration list for PBXNativeTarget "DelectableRedditTests" */;
			buildPhases = (
				875803B818FE0B5500313742 /* Sources */,
				875803B918FE0B5500313742 /* Frameworks */,
				875803BA18FE0B5500313742 /* Resources */,
			);
			buildRules = (
			);
			dependencies = (
				875803C218FE0B5500313742 /* PBXTargetDependency */,
			);
			name = DelectableRedditTests;
			productName = DelectableRedditTests;
			productReference = 875803BC18FE0B5500313742 /* DelectableRedditTests.xctest */;
			productType = "com.apple.product-type.bundle.unit-test";
		};
/* End PBXNativeTarget section */

/* Begin PBXProject section */
		8758039318FE0B5500313742 /* Project object */ = {
			isa = PBXProject;
			attributes = {
				CLASSPREFIX = DR;
				LastUpgradeCheck = 0510;
				ORGANIZATIONNAME = demo;
				TargetAttributes = {
					875803BB18FE0B5500313742 = {
						TestTargetID = 8758039A18FE0B5500313742;
					};
				};
			};
			buildConfigurationList = 8758039618FE0B5500313742 /* Build configuration list for PBXProject "DelectableReddit" */;
			compatibilityVersion = "Xcode 3.2";
			developmentRegion = English;
			hasScannedForEncodings = 0;
			knownRegions = (
				en,
				Base,
			);
			mainGroup = 8758039218FE0B5500313742;
			productRefGroup = 8758039C18FE0B5500313742 /* Products */;
			projectDirPath = "";
			projectRoot = "";
			targets = (
				8758039A18FE0B5500313742 /* DelectableReddit */,
				875803BB18FE0B5500313742 /* DelectableRedditTests */,
			);
		};
/* End PBXProject section */

/* Begin PBXResourcesBuildPhase section */
		8758039918FE0B5500313742 /* Resources */ = {
			isa = PBXResourcesBuildPhase;
			buildActionMask = 2147483647;
			files = (
				875803B718FE0B5500313742 /* Images.xcassets in Resources */,
				875803A918FE0B5500313742 /* InfoPlist.strings in Resources */,
				875803B218FE0B5500313742 /* Main.storyboard in Resources */,
			);
			runOnlyForDeploymentPostprocessing = 0;
		};
		875803BA18FE0B5500313742 /* Resources */ = {
			isa = PBXResourcesBuildPhase;
			buildActionMask = 2147483647;
			files = (
				875803C818FE0B5500313742 /* InfoPlist.strings in Resources */,
			);
			runOnlyForDeploymentPostprocessing = 0;
		};
/* End PBXResourcesBuildPhase section */

/* Begin PBXSourcesBuildPhase section */
		8758039718FE0B5500313742 /* Sources */ = {
			isa = PBXSourcesBuildPhase;
			buildActionMask = 2147483647;
			files = (
				875803F418FE0CAB00313742 /* AFHTTPRequestOperation.m in Sources */,
				875803DC18FE0BF000313742 /* DRViewController.m in Sources */,
				871EA4C7190592E3001A2453 /* DRPostContentViewController.m in Sources */,
				875803F518FE0CAB00313742 /* AFHTTPRequestOperationManager.m in Sources */,
				875803F718FE0CAB00313742 /* AFNetworkReachabilityManager.m in Sources */,
				875803FB18FE0CAB00313742 /* AFURLResponseSerialization.m in Sources */,
				875803F918FE0CAB00313742 /* AFURLConnectionOperation.m in Sources */,
				875803F818FE0CAB00313742 /* AFSecurityPolicy.m in Sources */,
				875803F618FE0CAB00313742 /* AFHTTPSessionManager.m in Sources */,
				8758040418FF6D1D00313742 /* DRRedditListing.m in Sources */,
				871EA4C11902F6DB001A2453 /* DRJSONHelper.m in Sources */,
				875803FA18FE0CAB00313742 /* AFURLRequestSerialization.m in Sources */,
				875803FC18FE0CAB00313742 /* AFURLSessionManager.m in Sources */,
				871EA4C4190315EA001A2453 /* DRListingCell.m in Sources */,
				8758040118FE0FDE00313742 /* DRRedditAPIManager.m in Sources */,
				875803AB18FE0B5500313742 /* main.m in Sources */,
				8758040718FF6E8800313742 /* DRRedditListingItem.m in Sources */,
				875803DF18FE0BF900313742 /* DRAppDelegate.m in Sources */,
			);
			runOnlyForDeploymentPostprocessing = 0;
		};
		875803B818FE0B5500313742 /* Sources */ = {
			isa = PBXSourcesBuildPhase;
			buildActionMask = 2147483647;
			files = (
				875803CA18FE0B5500313742 /* DelectableRedditTests.m in Sources */,
			);
			runOnlyForDeploymentPostprocessing = 0;
		};
/* End PBXSourcesBuildPhase section */

/* Begin PBXTargetDependency section */
		875803C218FE0B5500313742 /* PBXTargetDependency */ = {
			isa = PBXTargetDependency;
			target = 8758039A18FE0B5500313742 /* DelectableReddit */;
			targetProxy = 875803C118FE0B5500313742 /* PBXContainerItemProxy */;
		};
/* End PBXTargetDependency section */

/* Begin PBXVariantGroup section */
		875803A718FE0B5500313742 /* InfoPlist.strings */ = {
			isa = PBXVariantGroup;
			children = (
				875803A818FE0B5500313742 /* en */,
			);
			name = InfoPlist.strings;
			sourceTree = "<group>";
		};
		875803B018FE0B5500313742 /* Main.storyboard */ = {
			isa = PBXVariantGroup;
			children = (
				875803B118FE0B5500313742 /* Base */,
			);
			name = Main.storyboard;
			sourceTree = "<group>";
		};
		875803C618FE0B5500313742 /* InfoPlist.strings */ = {
			isa = PBXVariantGroup;
			children = (
				875803C718FE0B5500313742 /* en */,
			);
			name = InfoPlist.strings;
			sourceTree = "<group>";
		};
/* End PBXVariantGroup section */

/* Begin XCBuildConfiguration section */
		875803CB18FE0B5500313742 /* Debug */ = {
			isa = XCBuildConfiguration;
			buildSettings = {
				ALWAYS_SEARCH_USER_PATHS = NO;
				CLANG_CXX_LANGUAGE_STANDARD = "gnu++0x";
				CLANG_CXX_LIBRARY = "libc++";
				CLANG_ENABLE_MODULES = YES;
				CLANG_ENABLE_OBJC_ARC = YES;
				CLANG_WARN_BOOL_CONVERSION = YES;
				CLANG_WARN_CONSTANT_CONVERSION = YES;
				CLANG_WARN_DIRECT_OBJC_ISA_USAGE = YES_ERROR;
				CLANG_WARN_EMPTY_BODY = YES;
				CLANG_WARN_ENUM_CONVERSION = YES;
				CLANG_WARN_INT_CONVERSION = YES;
				CLANG_WARN_OBJC_ROOT_CLASS = YES_ERROR;
				CLANG_WARN__DUPLICATE_METHOD_MATCH = YES;
				"CODE_SIGN_IDENTITY[sdk=iphoneos*]" = "iPhone Developer";
				COPY_PHASE_STRIP = NO;
				GCC_C_LANGUAGE_STANDARD = gnu99;
				GCC_DYNAMIC_NO_PIC = NO;
				GCC_OPTIMIZATION_LEVEL = 0;
				GCC_PREPROCESSOR_DEFINITIONS = (
					"DEBUG=1",
					"$(inherited)",
				);
				GCC_SYMBOLS_PRIVATE_EXTERN = NO;
				GCC_WARN_64_TO_32_BIT_CONVERSION = YES;
				GCC_WARN_ABOUT_RETURN_TYPE = YES_ERROR;
				GCC_WARN_UNDECLARED_SELECTOR = YES;
				GCC_WARN_UNINITIALIZED_AUTOS = YES_AGGRESSIVE;
				GCC_WARN_UNUSED_FUNCTION = YES;
				GCC_WARN_UNUSED_VARIABLE = YES;
				IPHONEOS_DEPLOYMENT_TARGET = 7.1;
				ONLY_ACTIVE_ARCH = YES;
				SDKROOT = iphoneos;
			};
			name = Debug;
		};
		875803CC18FE0B5500313742 /* Release */ = {
			isa = XCBuildConfiguration;
			buildSettings = {
				ALWAYS_SEARCH_USER_PATHS = NO;
				CLANG_CXX_LANGUAGE_STANDARD = "gnu++0x";
				CLANG_CXX_LIBRARY = "libc++";
				CLANG_ENABLE_MODULES = YES;
				CLANG_ENABLE_OBJC_ARC = YES;
				CLANG_WARN_BOOL_CONVERSION = YES;
				CLANG_WARN_CONSTANT_CONVERSION = YES;
				CLANG_WARN_DIRECT_OBJC_ISA_USAGE = YES_ERROR;
				CLANG_WARN_EMPTY_BODY = YES;
				CLANG_WARN_ENUM_CONVERSION = YES;
				CLANG_WARN_INT_CONVERSION = YES;
				CLANG_WARN_OBJC_ROOT_CLASS = YES_ERROR;
				CLANG_WARN__DUPLICATE_METHOD_MATCH = YES;
				"CODE_SIGN_IDENTITY[sdk=iphoneos*]" = "iPhone Developer";
				COPY_PHASE_STRIP = YES;
				ENABLE_NS_ASSERTIONS = NO;
				GCC_C_LANGUAGE_STANDARD = gnu99;
				GCC_WARN_64_TO_32_BIT_CONVERSION = YES;
				GCC_WARN_ABOUT_RETURN_TYPE = YES_ERROR;
				GCC_WARN_UNDECLARED_SELECTOR = YES;
				GCC_WARN_UNINITIALIZED_AUTOS = YES_AGGRESSIVE;
				GCC_WARN_UNUSED_FUNCTION = YES;
				GCC_WARN_UNUSED_VARIABLE = YES;
				IPHONEOS_DEPLOYMENT_TARGET = 7.1;
				SDKROOT = iphoneos;
				VALIDATE_PRODUCT = YES;
			};
			name = Release;
		};
		875803CE18FE0B5500313742 /* Debug */ = {
			isa = XCBuildConfiguration;
			buildSettings = {
				ASSETCATALOG_COMPILER_APPICON_NAME = AppIcon;
				ASSETCATALOG_COMPILER_LAUNCHIMAGE_NAME = LaunchImage;
				GCC_PRECOMPILE_PREFIX_HEADER = YES;
				GCC_PREFIX_HEADER = "DelectableReddit/DelectableReddit-Prefix.pch";
				GCC_TREAT_WARNINGS_AS_ERRORS = NO;
				INFOPLIST_FILE = "DelectableReddit/DelectableReddit-Info.plist";
				PRODUCT_NAME = "$(TARGET_NAME)";
				WRAPPER_EXTENSION = app;
			};
			name = Debug;
		};
		875803CF18FE0B5500313742 /* Release */ = {
			isa = XCBuildConfiguration;
			buildSettings = {
				ASSETCATALOG_COMPILER_APPICON_NAME = AppIcon;
				ASSETCATALOG_COMPILER_LAUNCHIMAGE_NAME = LaunchImage;
				GCC_PRECOMPILE_PREFIX_HEADER = YES;
				GCC_PREFIX_HEADER = "DelectableReddit/DelectableReddit-Prefix.pch";
				GCC_TREAT_WARNINGS_AS_ERRORS = NO;
				INFOPLIST_FILE = "DelectableReddit/DelectableReddit-Info.plist";
				PRODUCT_NAME = "$(TARGET_NAME)";
				WRAPPER_EXTENSION = app;
			};
			name = Release;
		};
		875803D118FE0B5500313742 /* Debug */ = {
			isa = XCBuildConfiguration;
			buildSettings = {
				BUNDLE_LOADER = "$(BUILT_PRODUCTS_DIR)/DelectableReddit.app/DelectableReddit";
				FRAMEWORK_SEARCH_PATHS = (
					"$(SDKROOT)/Developer/Library/Frameworks",
					"$(inherited)",
					"$(DEVELOPER_FRAMEWORKS_DIR)",
				);
				GCC_PRECOMPILE_PREFIX_HEADER = YES;
				GCC_PREFIX_HEADER = "DelectableReddit/DelectableReddit-Prefix.pch";
				GCC_PREPROCESSOR_DEFINITIONS = (
					"DEBUG=1",
					"$(inherited)",
				);
				INFOPLIST_FILE = "DelectableRedditTests/DelectableRedditTests-Info.plist";
				PRODUCT_NAME = "$(TARGET_NAME)";
				TEST_HOST = "$(BUNDLE_LOADER)";
				WRAPPER_EXTENSION = xctest;
			};
			name = Debug;
		};
		875803D218FE0B5500313742 /* Release */ = {
			isa = XCBuildConfiguration;
			buildSettings = {
				BUNDLE_LOADER = "$(BUILT_PRODUCTS_DIR)/DelectableReddit.app/DelectableReddit";
				FRAMEWORK_SEARCH_PATHS = (
					"$(SDKROOT)/Developer/Library/Frameworks",
					"$(inherited)",
					"$(DEVELOPER_FRAMEWORKS_DIR)",
				);
				GCC_PRECOMPILE_PREFIX_HEADER = YES;
				GCC_PREFIX_HEADER = "DelectableReddit/DelectableReddit-Prefix.pch";
				INFOPLIST_FILE = "DelectableRedditTests/DelectableRedditTests-Info.plist";
				PRODUCT_NAME = "$(TARGET_NAME)";
				TEST_HOST = "$(BUNDLE_LOADER)";
				WRAPPER_EXTENSION = xctest;
			};
			name = Release;
		};
/* End XCBuildConfiguration section */

/* Begin XCConfigurationList section */
		8758039618FE0B5500313742 /* Build configuration list for PBXProject "DelectableReddit" */ = {
			isa = XCConfigurationList;
			buildConfigurations = (
				875803CB18FE0B5500313742 /* Debug */,
				875803CC18FE0B5500313742 /* Release */,
			);
			defaultConfigurationIsVisible = 0;
			defaultConfigurationName = Release;
		};
		875803CD18FE0B5500313742 /* Build configuration list for PBXNativeTarget "DelectableReddit" */ = {
			isa = XCConfigurationList;
			buildConfigurations = (
				875803CE18FE0B5500313742 /* Debug */,
				875803CF18FE0B5500313742 /* Release */,
			);
			defaultConfigurationIsVisible = 0;
			defaultConfigurationName = Release;
		};
		875803D018FE0B5500313742 /* Build configuration list for PBXNativeTarget "DelectableRedditTests" */ = {
			isa = XCConfigurationList;
			buildConfigurations = (
				875803D118FE0B5500313742 /* Debug */,
				875803D218FE0B5500313742 /* Release */,
			);
			defaultConfigurationIsVisible = 0;
			defaultConfigurationName = Release;
		};
/* End XCConfigurationList section */
	};
	rootObject = 8758039318FE0B5500313742 /* Project object */;
}
